
Microsoft Visual Studio Solution File, Format Version 12.00
# Visual Studio Version 17
VisualStudioVersion = 17.14.36603.0
MinimumVisualStudioVersion = 10.0.40219.1
Project("{FAE04EC0-301F-11D3-BF4B-00C04F79EFBC}") = "MatchaOrderingSystem", "MatchaOrderingSystem\MatchaOrderingSystem.csproj", "{1A2E7A5E-A4D9-4618-952E-EBF9A88E3DBC}"
EndProject
Global
	GlobalSection(SolutionConfigurationPlatforms) = preSolution
		Debug|AnyCPU = Debug|AnyCPU
		Debug|x64 = Debug|x64
		Release|AnyCPU = Release|AnyCPU
		Release|x64 = Release|x64
	EndGlobalSection
	GlobalSection(ProjectConfigurationPlatforms) = postSolution
		{1A2E7A5E-A4D9-4618-952E-EBF9A88E3DBC}.Debug|AnyCPU.ActiveCfg = Debug|Any CPU
		{1A2E7A5E-A4D9-4618-952E-EBF9A88E3DBC}.Debug|AnyCPU.Build.0 = Debug|Any CPU
		{1A2E7A5E-A4D9-4618-952E-EBF9A88E3DBC}.Debug|x64.ActiveCfg = Debug|x64
		{1A2E7A5E-A4D9-4618-952E-EBF9A88E3DBC}.Debug|x64.Build.0 = Debug|x64
		{1A2E7A5E-A4D9-4618-952E-EBF9A88E3DBC}.Release|AnyCPU.ActiveCfg = Release|Any CPU
		{1A2E7A5E-A4D9-4618-952E-EBF9A88E3DBC}.Release|AnyCPU.Build.0 = Release|Any CPU
		{1A2E7A5E-A4D9-4618-952E-EBF9A88E3DBC}.Release|x64.ActiveCfg = Release|x64
		{1A2E7A5E-A4D9-4618-952E-EBF9A88E3DBC}.Release|x64.Build.0 = Release|x64
	EndGlobalSection
	GlobalSection(SolutionProperties) = preSolution
		HideSolutionNode = FALSE
	EndGlobalSection
	GlobalSection(ExtensibilityGlobals) = postSolution
		SolutionGuid = {8199D0C3-6F27-4090-A337-5D48EAFD49B2}
	EndGlobalSection
EndGlobal
